
Microsoft Visual Studio Solution File, Format Version 12.00
# Visual Studio 2015
Project("{FAE04EC0-301F-11D3-BF4B-00C04F79EFBC}") = "JustATest.CSharp", "JustATest.CSharp.csproj", "{FD9B50BC-72BB-478C-CD01-E0D42AC50E1A}"
EndProject
Project("{FAE04EC0-301F-11D3-BF4B-00C04F79EFBC}") = "JustATest.CSharp.Editor", "JustATest.CSharp.Editor.csproj", "{BAFF4C6E-0A77-D6E1-E73C-0B780F390A54}"
EndProject
Global
	GlobalSection(SolutionConfigurationPlatforms) = preSolution
		Debug|Any CPU = Debug|Any CPU
		Release|Any CPU = Release|Any CPU
	EndGlobalSection
	GlobalSection(ProjectConfigurationPlatforms) = postSolution
		{FD9B50BC-72BB-478C-CD01-E0D42AC50E1A}.Debug|Any CPU.ActiveCfg = Debug|Any CPU
		{FD9B50BC-72BB-478C-CD01-E0D42AC50E1A}.Debug|Any CPU.Build.0 = Debug|Any CPU
		{FD9B50BC-72BB-478C-CD01-E0D42AC50E1A}.Release|Any CPU.ActiveCfg = Release|Any CPU
		{FD9B50BC-72BB-478C-CD01-E0D42AC50E1A}.Release|Any CPU.Build.0 = Release|Any CPU
		{BAFF4C6E-0A77-D6E1-E73C-0B780F390A54}.Debug|Any CPU.ActiveCfg = Debug|Any CPU
		{BAFF4C6E-0A77-D6E1-E73C-0B780F390A54}.Debug|Any CPU.Build.0 = Debug|Any CPU
		{BAFF4C6E-0A77-D6E1-E73C-0B780F390A54}.Release|Any CPU.ActiveCfg = Release|Any CPU
		{BAFF4C6E-0A77-D6E1-E73C-0B780F390A54}.Release|Any CPU.Build.0 = Release|Any CPU
	EndGlobalSection
	GlobalSection(SolutionProperties) = preSolution
		HideSolutionNode = FALSE
	EndGlobalSection
EndGlobal
